
Microsoft Visual Studio Solution File, Format Version 12.00
# Visual Studio Version 17
VisualStudioVersion = 17.5.33516.290
MinimumVisualStudioVersion = 10.0.40219.1
Project("{FAE04EC0-301F-11D3-BF4B-00C04F79EFBC}") = "ExpenseManagerDAL", "ExpenseManagerDAL\ExpenseManagerDAL.csproj", "{4FF23C8D-7DF8-4188-92B8-ADB4D6A2502D}"
EndProject
Project("{FAE04EC0-301F-11D3-BF4B-00C04F79EFBC}") = "TestConsoleApp", "TestConsoleApp\TestConsoleApp.csproj", "{BB3E384E-1BC6-4F99-BCC0-EB4D490BBAEA}"
EndProject
Global
	GlobalSection(SolutionConfigurationPlatforms) = preSolution
		Debug|Any CPU = Debug|Any CPU
		Release|Any CPU = Release|Any CPU
	EndGlobalSection
	GlobalSection(ProjectConfigurationPlatforms) = postSolution
		{4FF23C8D-7DF8-4188-92B8-ADB4D6A2502D}.Debug|Any CPU.ActiveCfg = Debug|Any CPU
		{4FF23C8D-7DF8-4188-92B8-ADB4D6A2502D}.Debug|Any CPU.Build.0 = Debug|Any CPU
		{4FF23C8D-7DF8-4188-92B8-ADB4D6A2502D}.Release|Any CPU.ActiveCfg = Release|Any CPU
		{4FF23C8D-7DF8-4188-92B8-ADB4D6A2502D}.Release|Any CPU.Build.0 = Release|Any CPU
		{BB3E384E-1BC6-4F99-BCC0-EB4D490BBAEA}.Debug|Any CPU.ActiveCfg = Debug|Any CPU
		{BB3E384E-1BC6-4F99-BCC0-EB4D490BBAEA}.Debug|Any CPU.Build.0 = Debug|Any CPU
		{BB3E384E-1BC6-4F99-BCC0-EB4D490BBAEA}.Release|Any CPU.ActiveCfg = Release|Any CPU
		{BB3E384E-1BC6-4F99-BCC0-EB4D490BBAEA}.Release|Any CPU.Build.0 = Release|Any CPU
	EndGlobalSection
	GlobalSection(SolutionProperties) = preSolution
		HideSolutionNode = FALSE
	EndGlobalSection
	GlobalSection(ExtensibilityGlobals) = postSolution
		SolutionGuid = {D96A2CAB-7DB1-4046-B013-92FB55087E06}
	EndGlobalSection
EndGlobal
